// !$*UTF8*$!
{
	archiveVersion = 1;
	classes = {
	};
	objectVersion = 56;
	objects = {

/* Begin PBXBuildFile section */
		F2011AE32BE49A3700A8527A /* TCA_AlertAndConfirmDialogApp.swift in Sources */ = {isa = PBXBuildFile; fileRef = F2011AE22BE49A3700A8527A /* TCA_AlertAndConfirmDialogApp.swift */; };
		F2011AE52BE49A3700A8527A /* ContentView.swift in Sources */ = {isa = PBXBuildFile; fileRef = F2011AE42BE49A3700A8527A /* ContentView.swift */; };
		F2011AE72BE49A3900A8527A /* Assets.xcassets in Resources */ = {isa = PBXBuildFile; fileRef = F2011AE62BE49A3900A8527A /* Assets.xcassets */; };
		F2011AEA2BE49A3900A8527A /* Preview Assets.xcassets in Resources */ = {isa = PBXBuildFile; fileRef = F2011AE92BE49A3900A8527A /* Preview Assets.xcassets */; };
		F2011AF12BE49A8300A8527A /* Feature.swift in Sources */ = {isa = PBXBuildFile; fileRef = F2011AF02BE49A8300A8527A /* Feature.swift */; };
		F2011AF42BE49AC900A8527A /* ComposableArchitecture in Frameworks */ = {isa = PBXBuildFile; productRef = F2011AF32BE49AC900A8527A /* ComposableArchitecture */; };
		F2011AFC2BE4B38E00A8527A /* TCA_AlertAndConfirmDialogTests.swift in Sources */ = {isa = PBXBuildFile; fileRef = F2011AFB2BE4B38E00A8527A /* TCA_AlertAndConfirmDialogTests.swift */; };
/* End PBXBuildFile section */

/* Begin PBXContainerItemProxy section */
		F2011AFD2BE4B38E00A8527A /* PBXContainerItemProxy */ = {
			isa = PBXContainerItemProxy;
			containerPortal = F2011AD72BE49A3700A8527A /* Project object */;
			proxyType = 1;
			remoteGlobalIDString = F2011ADE2BE49A3700A8527A;
			remoteInfo = "TCA-AlertAndConfirmDialog";
		};
/* End PBXContainerItemProxy section */

/* Begin PBXFileReference section */
		F2011ADF2BE49A3700A8527A /* TCA-AlertAndConfirmDialog.app */ = {isa = PBXFileReference; explicitFileType = wrapper.application; includeInIndex = 0; path = "TCA-AlertAndConfirmDialog.app"; sourceTree = BUILT_PRODUCTS_DIR; };
		F2011AE22BE49A3700A8527A /* TCA_AlertAndConfirmDialogApp.swift */ = {isa = PBXFileReference; lastKnownFileType = sourcecode.swift; path = TCA_AlertAndConfirmDialogApp.swift; sourceTree = "<group>"; };
		F2011AE42BE49A3700A8527A /* ContentView.swift */ = {isa = PBXFileReference; lastKnownFileType = sourcecode.swift; path = ContentView.swift; sourceTree = "<group>"; };
		F2011AE62BE49A3900A8527A /* Assets.xcassets */ = {isa = PBXFileReference; lastKnownFileType = folder.assetcatalog; path = Assets.xcassets; sourceTree = "<group>"; };
		F2011AE92BE49A3900A8527A /* Preview Assets.xcassets */ = {isa = PBXFileReference; lastKnownFileType = folder.assetcatalog; path = "Preview Assets.xcassets"; sourceTree = "<group>"; };
		F2011AF02BE49A8300A8527A /* Feature.swift */ = {isa = PBXFileReference; lastKnownFileType = sourcecode.swift; path = Feature.swift; sourceTree = "<group>"; };
		F2011AF92BE4B38E00A8527A /* TCA-AlertAndConfirmDialogTests.xctest */ = {isa = PBXFileReference; explicitFileType = wrapper.cfbundle; includeInIndex = 0; path = "TCA-AlertAndConfirmDialogTests.xctest"; sourceTree = BUILT_PRODUCTS_DIR; };
		F2011AFB2BE4B38E00A8527A /* TCA_AlertAndConfirmDialogTests.swift */ = {isa = PBXFileReference; lastKnownFileType = sourcecode.swift; path = TCA_AlertAndConfirmDialogTests.swift; sourceTree = "<group>"; };
/* End PBXFileReference section */

/* Begin PBXFrameworksBuildPhase section */
		F2011ADC2BE49A3700A8527A /* Frameworks */ = {
			isa = PBXFrameworksBuildPhase;
			buildActionMask = 2147483647;
			files = (
				F2011AF42BE49AC900A8527A /* ComposableArchitecture in Frameworks */,
			);
			runOnlyForDeploymentPostprocessing = 0;
		};
		F2011AF62BE4B38E00A8527A /* Frameworks */ = {
			isa = PBXFrameworksBuildPhase;
			buildActionMask = 2147483647;
			files = (
			);
			runOnlyForDeploymentPostprocessing = 0;
		};
/* End PBXFrameworksBuildPhase section */

/* Begin PBXGroup section */
		F2011AD62BE49A3700A8527A = {
			isa = PBXGroup;
			children = (
				F2011AE12BE49A3700A8527A /* TCA-AlertAndConfirmDialog */,
				F2011AFA2BE4B38E00A8527A /* TCA-AlertAndConfirmDialogTests */,
				F2011AE02BE49A3700A8527A /* Products */,
			);
			sourceTree = "<group>";
		};
		F2011AE02BE49A3700A8527A /* Products */ = {
			isa = PBXGroup;
			children = (
				F2011ADF2BE49A3700A8527A /* TCA-AlertAndConfirmDialog.app */,
				F2011AF92BE4B38E00A8527A /* TCA-AlertAndConfirmDialogTests.xctest */,
			);
			name = Products;
			sourceTree = "<group>";
		};
		F2011AE12BE49A3700A8527A /* TCA-AlertAndConfirmDialog */ = {
			isa = PBXGroup;
			children = (
				F2011AE22BE49A3700A8527A /* TCA_AlertAndConfirmDialogApp.swift */,
				F2011AF02BE49A8300A8527A /* Feature.swift */,
				F2011AE42BE49A3700A8527A /* ContentView.swift */,
				F2011AE62BE49A3900A8527A /* Assets.xcassets */,
				F2011AE82BE49A3900A8527A /* Preview Content */,
			);
			path = "TCA-AlertAndConfirmDialog";
			sourceTree = "<group>";
		};
		F2011AE82BE49A3900A8527A /* Preview Content */ = {
			isa = PBXGroup;
			children = (
				F2011AE92BE49A3900A8527A /* Preview Assets.xcassets */,
			);
			path = "Preview Content";
			sourceTree = "<group>";
		};
		F2011AFA2BE4B38E00A8527A /* TCA-AlertAndConfirmDialogTests */ = {
			isa = PBXGroup;
			children = (
				F2011AFB2BE4B38E00A8527A /* TCA_AlertAndConfirmDialogTests.swift */,
			);
			path = "TCA-AlertAndConfirmDialogTests";
			sourceTree = "<group>";
		};
/* End PBXGroup section */

/* Begin PBXNativeTarget section */
		F2011ADE2BE49A3700A8527A /* TCA-AlertAndConfirmDialog */ = {
			isa = PBXNativeTarget;
			buildConfigurationList = F2011AED2BE49A3900A8527A /* Build configuration list for PBXNativeTarget "TCA-AlertAndConfirmDialog" */;
			buildPhases = (
				F2011ADB2BE49A3700A8527A /* Sources */,
				F2011ADC2BE49A3700A8527A /* Frameworks */,
				F2011ADD2BE49A3700A8527A /* Resources */,
			);
			buildRules = (
			);
			dependencies = (
			);
			name = "TCA-AlertAndConfirmDialog";
			packageProductDependencies = (
				F2011AF32BE49AC900A8527A /* ComposableArchitecture */,
			);
			productName = "TCA-AlertAndConfirmDialog";
			productReference = F2011ADF2BE49A3700A8527A /* TCA-AlertAndConfirmDialog.app */;
			productType = "com.apple.product-type.application";
		};
		F2011AF82BE4B38E00A8527A /* TCA-AlertAndConfirmDialogTests */ = {
			isa = PBXNativeTarget;
			buildConfigurationList = F2011AFF2BE4B38E00A8527A /* Build configuration list for PBXNativeTarget "TCA-AlertAndConfirmDialogTests" */;
			buildPhases = (
				F2011AF52BE4B38E00A8527A /* Sources */,
				F2011AF62BE4B38E00A8527A /* Frameworks */,
				F2011AF72BE4B38E00A8527A /* Resources */,
			);
			buildRules = (
			);
			dependencies = (
				F2011AFE2BE4B38E00A8527A /* PBXTargetDependency */,
			);
			name = "TCA-AlertAndConfirmDialogTests";
			productName = "TCA-AlertAndConfirmDialogTests";
			productReference = F2011AF92BE4B38E00A8527A /* TCA-AlertAndConfirmDialogTests.xctest */;
			productType = "com.apple.product-type.bundle.unit-test";
		};
/* End PBXNativeTarget section */

/* Begin PBXProject section */
		F2011AD72BE49A3700A8527A /* Project object */ = {
			isa = PBXProject;
			attributes = {
				BuildIndependentTargetsInParallel = 1;
				LastSwiftUpdateCheck = 1500;
				LastUpgradeCheck = 1500;
				TargetAttributes = {
					F2011ADE2BE49A3700A8527A = {
						CreatedOnToolsVersion = 15.0;
					};
					F2011AF82BE4B38E00A8527A = {
						CreatedOnToolsVersion = 15.0;
						TestTargetID = F2011ADE2BE49A3700A8527A;
					};
				};
			};
			buildConfigurationList = F2011ADA2BE49A3700A8527A /* Build configuration list for PBXProject "TCA-AlertAndConfirmDialog" */;
			compatibilityVersion = "Xcode 14.0";
			developmentRegion = en;
			hasScannedForEncodings = 0;
			knownRegions = (
				en,
				Base,
			);
			mainGroup = F2011AD62BE49A3700A8527A;
			packageReferences = (
				F2011AF22BE49AC900A8527A /* XCRemoteSwiftPackageReference "swift-composable-architecture" */,
			);
			productRefGroup = F2011AE02BE49A3700A8527A /* Products */;
			projectDirPath = "";
			projectRoot = "";
			targets = (
				F2011ADE2BE49A3700A8527A /* TCA-AlertAndConfirmDialog */,
				F2011AF82BE4B38E00A8527A /* TCA-AlertAndConfirmDialogTests */,
			);
		};
/* End PBXProject section */

/* Begin PBXResourcesBuildPhase section */
		F2011ADD2BE49A3700A8527A /* Resources */ = {
			isa = PBXResourcesBuildPhase;
			buildActionMask = 2147483647;
			files = (
				F2011AEA2BE49A3900A8527A /* Preview Assets.xcassets in Resources */,
				F2011AE72BE49A3900A8527A /* Assets.xcassets in Resources */,
			);
			runOnlyForDeploymentPostprocessing = 0;
		};
		F2011AF72BE4B38E00A8527A /* Resources */ = {
			isa = PBXResourcesBuildPhase;
			buildActionMask = 2147483647;
			files = (
			);
			runOnlyForDeploymentPostprocessing = 0;
		};
/* End PBXResourcesBuildPhase section */

/* Begin PBXSourcesBuildPhase section */
		F2011ADB2BE49A3700A8527A /* Sources */ = {
			isa = PBXSourcesBuildPhase;
			buildActionMask = 2147483647;
			files = (
				F2011AF12BE49A8300A8527A /* Feature.swift in Sources */,
				F2011AE52BE49A3700A8527A /* ContentView.swift in Sources */,
				F2011AE32BE49A3700A8527A /* TCA_AlertAndConfirmDialogApp.swift in Sources */,
			);
			runOnlyForDeploymentPostprocessing = 0;
		};
		F2011AF52BE4B38E00A8527A /* Sources */ = {
			isa = PBXSourcesBuildPhase;
			buildActionMask = 2147483647;
			files = (
				F2011AFC2BE4B38E00A8527A /* TCA_AlertAndConfirmDialogTests.swift in Sources */,
			);
			runOnlyForDeploymentPostprocessing = 0;
		};
/* End PBXSourcesBuildPhase section */

/* Begin PBXTargetDependency section */
		F2011AFE2BE4B38E00A8527A /* PBXTargetDependency */ = {
			isa = PBXTargetDependency;
			target = F2011ADE2BE49A3700A8527A /* TCA-AlertAndConfirmDialog */;
			targetProxy = F2011AFD2BE4B38E00A8527A /* PBXContainerItemProxy */;
		};
/* End PBXTargetDependency section */

/* Begin XCBuildConfiguration section */
		F2011AEB2BE49A3900A8527A /* Debug */ = {
			isa = XCBuildConfiguration;
			buildSettings = {
				ALWAYS_SEARCH_USER_PATHS = NO;
				ASSETCATALOG_COMPILER_GENERATE_SWIFT_ASSET_SYMBOL_EXTENSIONS = YES;
				CLANG_ANALYZER_NONNULL = YES;
				CLANG_ANALYZER_NUMBER_OBJECT_CONVERSION = YES_AGGRESSIVE;
				CLANG_CXX_LANGUAGE_STANDARD = "gnu++20";
				CLANG_ENABLE_MODULES = YES;
				CLANG_ENABLE_OBJC_ARC = YES;
				CLANG_ENABLE_OBJC_WEAK = YES;
				CLANG_WARN_BLOCK_CAPTURE_AUTORELEASING = YES;
				CLANG_WARN_BOOL_CONVERSION = YES;
				CLANG_WARN_COMMA = YES;
				CLANG_WARN_CONSTANT_CONVERSION = YES;
				CLANG_WARN_DEPRECATED_OBJC_IMPLEMENTATIONS = YES;
				CLANG_WARN_DIRECT_OBJC_ISA_USAGE = YES_ERROR;
				CLANG_WARN_DOCUMENTATION_COMMENTS = YES;
				CLANG_WARN_EMPTY_BODY = YES;
				CLANG_WARN_ENUM_CONVERSION = YES;
				CLANG_WARN_INFINITE_RECURSION = YES;
				CLANG_WARN_INT_CONVERSION = YES;
				CLANG_WARN_NON_LITERAL_NULL_CONVERSION = YES;
				CLANG_WARN_OBJC_IMPLICIT_RETAIN_SELF = YES;
				CLANG_WARN_OBJC_LITERAL_CONVERSION = YES;
				CLANG_WARN_OBJC_ROOT_CLASS = YES_ERROR;
				CLANG_WARN_QUOTED_INCLUDE_IN_FRAMEWORK_HEADER = YES;
				CLANG_WARN_RANGE_LOOP_ANALYSIS = YES;
				CLANG_WARN_STRICT_PROTOTYPES = YES;
				CLANG_WARN_SUSPICIOUS_MOVE = YES;
				CLANG_WARN_UNGUARDED_AVAILABILITY = YES_AGGRESSIVE;
				CLANG_WARN_UNREACHABLE_CODE = YES;
				CLANG_WARN__DUPLICATE_METHOD_MATCH = YES;
				COPY_PHASE_STRIP = NO;
				DEBUG_INFORMATION_FORMAT = dwarf;
				ENABLE_STRICT_OBJC_MSGSEND = YES;
				ENABLE_TESTABILITY = YES;
				ENABLE_USER_SCRIPT_SANDBOXING = YES;
				GCC_C_LANGUAGE_STANDARD = gnu17;
				GCC_DYNAMIC_NO_PIC = NO;
				GCC_NO_COMMON_BLOCKS = YES;
				GCC_OPTIMIZATION_LEVEL = 0;
				GCC_PREPROCESSOR_DEFINITIONS = (
					"DEBUG=1",
					"$(inherited)",
				);
				GCC_WARN_64_TO_32_BIT_CONVERSION = YES;
				GCC_WARN_ABOUT_RETURN_TYPE = YES_ERROR;
				GCC_WARN_UNDECLARED_SELECTOR = YES;
				GCC_WARN_UNINITIALIZED_AUTOS = YES_AGGRESSIVE;
				GCC_WARN_UNUSED_FUNCTION = YES;
				GCC_WARN_UNUSED_VARIABLE = YES;
				IPHONEOS_DEPLOYMENT_TARGET = 17.0;
				LOCALIZATION_PREFERS_STRING_CATALOGS = YES;
				MTL_ENABLE_DEBUG_INFO = INCLUDE_SOURCE;
				MTL_FAST_MATH = YES;
				ONLY_ACTIVE_ARCH = YES;
				SDKROOT = iphoneos;
				SWIFT_ACTIVE_COMPILATION_CONDITIONS = "DEBUG $(inherited)";
				SWIFT_OPTIMIZATION_LEVEL = "-Onone";
			};
			name = Debug;
		};
		F2011AEC2BE49A3900A8527A /* Release */ = {
			isa = XCBuildConfiguration;
			buildSettings = {
				ALWAYS_SEARCH_USER_PATHS = NO;
				ASSETCATALOG_COMPILER_GENERATE_SWIFT_ASSET_SYMBOL_EXTENSIONS = YES;
				CLANG_ANALYZER_NONNULL = YES;
				CLANG_ANALYZER_NUMBER_OBJECT_CONVERSION = YES_AGGRESSIVE;
				CLANG_CXX_LANGUAGE_STANDARD = "gnu++20";
				CLANG_ENABLE_MODULES = YES;
				CLANG_ENABLE_OBJC_ARC = YES;
				CLANG_ENABLE_OBJC_WEAK = YES;
				CLANG_WARN_BLOCK_CAPTURE_AUTORELEASING = YES;
				CLANG_WARN_BOOL_CONVERSION = YES;
				CLANG_WARN_COMMA = YES;
				CLANG_WARN_CONSTANT_CONVERSION = YES;
				CLANG_WARN_DEPRECATED_OBJC_IMPLEMENTATIONS = YES;
				CLANG_WARN_DIRECT_OBJC_ISA_USAGE = YES_ERROR;
				CLANG_WARN_DOCUMENTATION_COMMENTS = YES;
				CLANG_WARN_EMPTY_BODY = YES;
				CLANG_WARN_ENUM_CONVERSION = YES;
				CLANG_WARN_INFINITE_RECURSION = YES;
				CLANG_WARN_INT_CONVERSION = YES;
				CLANG_WARN_NON_LITERAL_NULL_CONVERSION = YES;
				CLANG_WARN_OBJC_IMPLICIT_RETAIN_SELF = YES;
				CLANG_WARN_OBJC_LITERAL_CONVERSION = YES;
				CLANG_WARN_OBJC_ROOT_CLASS = YES_ERROR;
				CLANG_WARN_QUOTED_INCLUDE_IN_FRAMEWORK_HEADER = YES;
				CLANG_WARN_RANGE_LOOP_ANALYSIS = YES;
				CLANG_WARN_STRICT_PROTOTYPES = YES;
				CLANG_WARN_SUSPICIOUS_MOVE = YES;
				CLANG_WARN_UNGUARDED_AVAILABILITY = YES_AGGRESSIVE;
				CLANG_WARN_UNREACHABLE_CODE = YES;
				CLANG_WARN__DUPLICATE_METHOD_MATCH = YES;
				COPY_PHASE_STRIP = NO;
				DEBUG_INFORMATION_FORMAT = "dwarf-with-dsym";
				ENABLE_NS_ASSERTIONS = NO;
				ENABLE_STRICT_OBJC_MSGSEND = YES;
				ENABLE_USER_SCRIPT_SANDBOXING = YES;
				GCC_C_LANGUAGE_STANDARD = gnu17;
				GCC_NO_COMMON_BLOCKS = YES;
				GCC_WARN_64_TO_32_BIT_CONVERSION = YES;
				GCC_WARN_ABOUT_RETURN_TYPE = YES_ERROR;
				GCC_WARN_UNDECLARED_SELECTOR = YES;
				GCC_WARN_UNINITIALIZED_AUTOS = YES_AGGRESSIVE;
				GCC_WARN_UNUSED_FUNCTION = YES;
				GCC_WARN_UNUSED_VARIABLE = YES;
				IPHONEOS_DEPLOYMENT_TARGET = 17.0;
				LOCALIZATION_PREFERS_STRING_CATALOGS = YES;
				MTL_ENABLE_DEBUG_INFO = NO;
				MTL_FAST_MATH = YES;
				SDKROOT = iphoneos;
				SWIFT_COMPILATION_MODE = wholemodule;
				VALIDATE_PRODUCT = YES;
			};
			name = Release;
		};
		F2011AEE2BE49A3900A8527A /* Debug */ = {
			isa = XCBuildConfiguration;
			buildSettings = {
				ASSETCATALOG_COMPILER_APPICON_NAME = AppIcon;
				ASSETCATALOG_COMPILER_GLOBAL_ACCENT_COLOR_NAME = AccentColor;
				CODE_SIGN_STYLE = Automatic;
				CURRENT_PROJECT_VERSION = 1;
				DEVELOPMENT_ASSET_PATHS = "\"TCA-AlertAndConfirmDialog/Preview Content\"";
				DEVELOPMENT_TEAM = G42AKFB24M;
				ENABLE_PREVIEWS = YES;
				GENERATE_INFOPLIST_FILE = YES;
				INFOPLIST_KEY_UIApplicationSceneManifest_Generation = YES;
				INFOPLIST_KEY_UIApplicationSupportsIndirectInputEvents = YES;
				INFOPLIST_KEY_UILaunchScreen_Generation = YES;
				INFOPLIST_KEY_UISupportedInterfaceOrientations_iPad = "UIInterfaceOrientationPortrait UIInterfaceOrientationPortraitUpsideDown UIInterfaceOrientationLandscapeLeft UIInterfaceOrientationLandscapeRight";
				INFOPLIST_KEY_UISupportedInterfaceOrientations_iPhone = "UIInterfaceOrientationPortrait UIInterfaceOrientationLandscapeLeft UIInterfaceOrientationLandscapeRight";
				LD_RUNPATH_SEARCH_PATHS = (
					"$(inherited)",
					"@executable_path/Frameworks",
				);
				MARKETING_VERSION = 1.0;
				PRODUCT_BUNDLE_IDENTIFIER = "deokho98.TCA-AlertAndConfirmDialog";
				PRODUCT_NAME = "$(TARGET_NAME)";
				SWIFT_EMIT_LOC_STRINGS = YES;
				SWIFT_VERSION = 5.0;
				TARGETED_DEVICE_FAMILY = "1,2";
			};
			name = Debug;
		};
		F2011AEF2BE49A3900A8527A /* Release */ = {
			isa = XCBuildConfiguration;
			buildSettings = {
				ASSETCATALOG_COMPILER_APPICON_NAME = AppIcon;
				ASSETCATALOG_COMPILER_GLOBAL_ACCENT_COLOR_NAME = AccentColor;
				CODE_SIGN_STYLE = Automatic;
				CURRENT_PROJECT_VERSION = 1;
				DEVELOPMENT_ASSET_PATHS = "\"TCA-AlertAndConfirmDialog/Preview Content\"";
				DEVELOPMENT_TEAM = G42AKFB24M;
				ENABLE_PREVIEWS = YES;
				GENERATE_INFOPLIST_FILE = YES;
				INFOPLIST_KEY_UIApplicationSceneManifest_Generation = YES;
				INFOPLIST_KEY_UIApplicationSupportsIndirectInputEvents = YES;
				INFOPLIST_KEY_UILaunchScreen_Generation = YES;
				INFOPLIST_KEY_UISupportedInterfaceOrientations_iPad = "UIInterfaceOrientationPortrait UIInterfaceOrientationPortraitUpsideDown UIInterfaceOrientationLandscapeLeft UIInterfaceOrientationLandscapeRight";
				INFOPLIST_KEY_UISupportedInterfaceOrientations_iPhone = "UIInterfaceOrientationPortrait UIInterfaceOrientationLandscapeLeft UIInterfaceOrientationLandscapeRight";
				LD_RUNPATH_SEARCH_PATHS = (
					"$(inherited)",
					"@executable_path/Frameworks",
				);
				MARKETING_VERSION = 1.0;
				PRODUCT_BUNDLE_IDENTIFIER = "deokho98.TCA-AlertAndConfirmDialog";
				PRODUCT_NAME = "$(TARGET_NAME)";
				SWIFT_EMIT_LOC_STRINGS = YES;
				SWIFT_VERSION = 5.0;
				TARGETED_DEVICE_FAMILY = "1,2";
			};
			name = Release;
		};
		F2011B002BE4B38E00A8527A /* Debug */ = {
			isa = XCBuildConfiguration;
			buildSettings = {
				BUNDLE_LOADER = "$(TEST_HOST)";
				CODE_SIGN_STYLE = Automatic;
				CURRENT_PROJECT_VERSION = 1;
				DEVELOPMENT_TEAM = G42AKFB24M;
				GENERATE_INFOPLIST_FILE = YES;
				MARKETING_VERSION = 1.0;
				PRODUCT_BUNDLE_IDENTIFIER = "deokho98.TCA-AlertAndConfirmDialogTests";
				PRODUCT_NAME = "$(TARGET_NAME)";
				SWIFT_EMIT_LOC_STRINGS = NO;
				SWIFT_VERSION = 5.0;
				TARGETED_DEVICE_FAMILY = "1,2";
				TEST_HOST = "$(BUILT_PRODUCTS_DIR)/TCA-AlertAndConfirmDialog.app/$(BUNDLE_EXECUTABLE_FOLDER_PATH)/TCA-AlertAndConfirmDialog";
			};
			name = Debug;
		};
		F2011B012BE4B38E00A8527A /* Release */ = {
			isa = XCBuildConfiguration;
			buildSettings = {
				BUNDLE_LOADER = "$(TEST_HOST)";
				CODE_SIGN_STYLE = Automatic;
				CURRENT_PROJECT_VERSION = 1;
				DEVELOPMENT_TEAM = G42AKFB24M;
				GENERATE_INFOPLIST_FILE = YES;
				MARKETING_VERSION = 1.0;
				PRODUCT_BUNDLE_IDENTIFIER = "deokho98.TCA-AlertAndConfirmDialogTests";
				PRODUCT_NAME = "$(TARGET_NAME)";
				SWIFT_EMIT_LOC_STRINGS = NO;
				SWIFT_VERSION = 5.0;
				TARGETED_DEVICE_FAMILY = "1,2";
				TEST_HOST = "$(BUILT_PRODUCTS_DIR)/TCA-AlertAndConfirmDialog.app/$(BUNDLE_EXECUTABLE_FOLDER_PATH)/TCA-AlertAndConfirmDialog";
			};
			name = Release;
		};
/* End XCBuildConfiguration section */

/* Begin XCConfigurationList section */
		F2011ADA2BE49A3700A8527A /* Build configuration list for PBXProject "TCA-AlertAndConfirmDialog" */ = {
			isa = XCConfigurationList;
			buildConfigurations = (
				F2011AEB2BE49A3900A8527A /* Debug */,
				F2011AEC2BE49A3900A8527A /* Release */,
			);
			defaultConfigurationIsVisible = 0;
			defaultConfigurationName = Release;
		};
		F2011AED2BE49A3900A8527A /* Build configuration list for PBXNativeTarget "TCA-AlertAndConfirmDialog" */ = {
			isa = XCConfigurationList;
			buildConfigurations = (
				F2011AEE2BE49A3900A8527A /* Debug */,
				F2011AEF2BE49A3900A8527A /* Release */,
			);
			defaultConfigurationIsVisible = 0;
			defaultConfigurationName = Release;
		};
		F2011AFF2BE4B38E00A8527A /* Build configuration list for PBXNativeTarget "TCA-AlertAndConfirmDialogTests" */ = {
			isa = XCConfigurationList;
			buildConfigurations = (
				F2011B002BE4B38E00A8527A /* Debug */,
				F2011B012BE4B38E00A8527A /* Release */,
			);
			defaultConfigurationIsVisible = 0;
			defaultConfigurationName = Release;
		};
/* End XCConfigurationList section */

/* Begin XCRemoteSwiftPackageReference section */
		F2011AF22BE49AC900A8527A /* XCRemoteSwiftPackageReference "swift-composable-architecture" */ = {
			isa = XCRemoteSwiftPackageReference;
			repositoryURL = "https://github.com/pointfreeco/swift-composable-architecture.git";
			requirement = {
				kind = upToNextMajorVersion;
				minimumVersion = 1.10.2;
			};
		};
/* End XCRemoteSwiftPackageReference section */

/* Begin XCSwiftPackageProductDependency section */
		F2011AF32BE49AC900A8527A /* ComposableArchitecture */ = {
			isa = XCSwiftPackageProductDependency;
			package = F2011AF22BE49AC900A8527A /* XCRemoteSwiftPackageReference "swift-composable-architecture" */;
			productName = ComposableArchitecture;
		};
/* End XCSwiftPackageProductDependency section */
	};
	rootObject = F2011AD72BE49A3700A8527A /* Project object */;
}
